
Microsoft Visual Studio Solution File, Format Version 12.00
# Visual Studio Version 17
VisualStudioVersion = 17.14.36414.22 d17.14
MinimumVisualStudioVersion = 10.0.40219.1
Project("{FAE04EC0-301F-11D3-BF4B-00C04F79EFBC}") = "TodoAPI", "TodoAPI\TodoAPI.csproj", "{A25BEAA9-F8AB-48BD-A41D-9E359C9AFC73}"
EndProject
Global
	GlobalSection(SolutionConfigurationPlatforms) = preSolution
		Debug|Any CPU = Debug|Any CPU
		Release|Any CPU = Release|Any CPU
	EndGlobalSection
	GlobalSection(ProjectConfigurationPlatforms) = postSolution
		{A25BEAA9-F8AB-48BD-A41D-9E359C9AFC73}.Debug|Any CPU.ActiveCfg = Debug|Any CPU
		{A25BEAA9-F8AB-48BD-A41D-9E359C9AFC73}.Debug|Any CPU.Build.0 = Debug|Any CPU
		{A25BEAA9-F8AB-48BD-A41D-9E359C9AFC73}.Release|Any CPU.ActiveCfg = Release|Any CPU
		{A25BEAA9-F8AB-48BD-A41D-9E359C9AFC73}.Release|Any CPU.Build.0 = Release|Any CPU
	EndGlobalSection
	GlobalSection(SolutionProperties) = preSolution
		HideSolutionNode = FALSE
	EndGlobalSection
	GlobalSection(ExtensibilityGlobals) = postSolution
		SolutionGuid = {46B1A48E-945D-4745-A0F9-0003B0DE686A}
	EndGlobalSection
EndGlobal
